
Microsoft Visual Studio Solution File, Format Version 12.00
Project("{FAE04EC0-301F-11D3-BF4B-00C04F79EFBC}") = "movie_on_demand", "movie_on_demand\movie_on_demand.csproj", "{2BF3FB58-BF32-4C3D-955F-688F90BFBB38}"
EndProject
Project("{8BC9CEB8-8B4A-11D0-8D11-00A0C91BC942}") = "Win32DLL", "Win32DLL\Win32DLL.vcxproj", "{BBF45949-363B-4309-867E-3B9085B9A29B}"
EndProject
Project("{FAE04EC0-301F-11D3-BF4B-00C04F79EFBC}") = "Encoder", "Encoder\Encoder.csproj", "{0A9F7E7F-E568-4806-A489-4A38F2D1808C}"
EndProject
Project("{FAE04EC0-301F-11D3-BF4B-00C04F79EFBC}") = "DateTimeUtils", "DateTimeUtils\DateTimeUtils.csproj", "{BABC983A-9A69-46C6-BCD8-C80583B40B91}"
EndProject
Project("{8BC9CEB8-8B4A-11D0-8D11-00A0C91BC942}") = "FileMaintain", "FileMaintain\FileMaintain.vcxproj", "{F7352275-DCC7-4D68-969E-B2646BAA2338}"
EndProject
Project("{8BC9CEB8-8B4A-11D0-8D11-00A0C91BC942}") = "Round", "Round\Round\Round.vcxproj", "{B604679B-B416-4841-81F0-8A6C93F3E04A}"
EndProject
Global
	GlobalSection(SolutionConfigurationPlatforms) = preSolution
		Debug|Any CPU = Debug|Any CPU
		Release|Any CPU = Release|Any CPU
	EndGlobalSection
	GlobalSection(ProjectConfigurationPlatforms) = postSolution
		{2BF3FB58-BF32-4C3D-955F-688F90BFBB38}.Debug|Any CPU.ActiveCfg = Debug|Any CPU
		{2BF3FB58-BF32-4C3D-955F-688F90BFBB38}.Debug|Any CPU.Build.0 = Debug|Any CPU
		{2BF3FB58-BF32-4C3D-955F-688F90BFBB38}.Release|Any CPU.ActiveCfg = Release|Any CPU
		{2BF3FB58-BF32-4C3D-955F-688F90BFBB38}.Release|Any CPU.Build.0 = Release|Any CPU
		{BBF45949-363B-4309-867E-3B9085B9A29B}.Debug|Any CPU.ActiveCfg = Debug|Win32
		{BBF45949-363B-4309-867E-3B9085B9A29B}.Debug|Any CPU.Build.0 = Debug|Win32
		{BBF45949-363B-4309-867E-3B9085B9A29B}.Release|Any CPU.ActiveCfg = Release|Win32
		{BBF45949-363B-4309-867E-3B9085B9A29B}.Release|Any CPU.Build.0 = Release|Win32
		{0A9F7E7F-E568-4806-A489-4A38F2D1808C}.Debug|Any CPU.ActiveCfg = Debug|Any CPU
		{0A9F7E7F-E568-4806-A489-4A38F2D1808C}.Debug|Any CPU.Build.0 = Debug|Any CPU
		{0A9F7E7F-E568-4806-A489-4A38F2D1808C}.Release|Any CPU.ActiveCfg = Release|Any CPU
		{0A9F7E7F-E568-4806-A489-4A38F2D1808C}.Release|Any CPU.Build.0 = Release|Any CPU
		{BABC983A-9A69-46C6-BCD8-C80583B40B91}.Debug|Any CPU.ActiveCfg = Debug|Any CPU
		{BABC983A-9A69-46C6-BCD8-C80583B40B91}.Debug|Any CPU.Build.0 = Debug|Any CPU
		{BABC983A-9A69-46C6-BCD8-C80583B40B91}.Release|Any CPU.ActiveCfg = Release|Any CPU
		{BABC983A-9A69-46C6-BCD8-C80583B40B91}.Release|Any CPU.Build.0 = Release|Any CPU
		{F7352275-DCC7-4D68-969E-B2646BAA2338}.Debug|Any CPU.ActiveCfg = Debug|Win32
		{F7352275-DCC7-4D68-969E-B2646BAA2338}.Debug|Any CPU.Build.0 = Debug|Win32
		{F7352275-DCC7-4D68-969E-B2646BAA2338}.Release|Any CPU.ActiveCfg = Release|Win32
		{F7352275-DCC7-4D68-969E-B2646BAA2338}.Release|Any CPU.Build.0 = Release|Win32
		{B604679B-B416-4841-81F0-8A6C93F3E04A}.Debug|Any CPU.ActiveCfg = Debug|Win32
		{B604679B-B416-4841-81F0-8A6C93F3E04A}.Debug|Any CPU.Build.0 = Debug|Win32
		{B604679B-B416-4841-81F0-8A6C93F3E04A}.Release|Any CPU.ActiveCfg = Release|Win32
		{B604679B-B416-4841-81F0-8A6C93F3E04A}.Release|Any CPU.Build.0 = Release|Win32
	EndGlobalSection
EndGlobal
